
Microsoft Visual Studio Solution File, Format Version 12.00
# Visual Studio Version 17
VisualStudioVersion = 17.10.34928.147
MinimumVisualStudioVersion = 10.0.40219.1
Project("{9A19103F-16F7-4668-BE54-9A1E7A4F7556}") = "Daily-Diary-Manager", "Daily-Diary-Manager\Daily-Diary-Manager.csproj", "{D6444F7E-2EE1-4E5A-AC5D-40FC860E0F6F}"
EndProject
Project("{FAE04EC0-301F-11D3-BF4B-00C04F79EFBC}") = "TestDailyDiary", "TestDailyDiary\TestDailyDiary.csproj", "{159641FC-70B8-4727-99C7-74FC12F106CA}"
EndProject
Global
	GlobalSection(SolutionConfigurationPlatforms) = preSolution
		Debug|Any CPU = Debug|Any CPU
		Release|Any CPU = Release|Any CPU
	EndGlobalSection
	GlobalSection(ProjectConfigurationPlatforms) = postSolution
		{D6444F7E-2EE1-4E5A-AC5D-40FC860E0F6F}.Debug|Any CPU.ActiveCfg = Debug|Any CPU
		{D6444F7E-2EE1-4E5A-AC5D-40FC860E0F6F}.Debug|Any CPU.Build.0 = Debug|Any CPU
		{D6444F7E-2EE1-4E5A-AC5D-40FC860E0F6F}.Release|Any CPU.ActiveCfg = Release|Any CPU
		{D6444F7E-2EE1-4E5A-AC5D-40FC860E0F6F}.Release|Any CPU.Build.0 = Release|Any CPU
		{159641FC-70B8-4727-99C7-74FC12F106CA}.Debug|Any CPU.ActiveCfg = Debug|Any CPU
		{159641FC-70B8-4727-99C7-74FC12F106CA}.Debug|Any CPU.Build.0 = Debug|Any CPU
		{159641FC-70B8-4727-99C7-74FC12F106CA}.Release|Any CPU.ActiveCfg = Release|Any CPU
		{159641FC-70B8-4727-99C7-74FC12F106CA}.Release|Any CPU.Build.0 = Release|Any CPU
	EndGlobalSection
	GlobalSection(SolutionProperties) = preSolution
		HideSolutionNode = FALSE
	EndGlobalSection
	GlobalSection(ExtensibilityGlobals) = postSolution
		SolutionGuid = {3A93D3BA-D5ED-4E0A-A231-6B4EB47F2A5E}
	EndGlobalSection
EndGlobal
